
Microsoft Visual Studio Solution File, Format Version 12.00
# Visual Studio Version 17
VisualStudioVersion = 17.3.32901.215
MinimumVisualStudioVersion = 10.0.40219.1
Project("{9A19103F-16F7-4668-BE54-9A1E7A4F7556}") = "FridgeWarehouseApi", "FridgeApi\FridgeWarehouseApi.csproj", "{3D736E39-7D28-4BC9-9374-47702CE9E8B7}"
	ProjectSection(ProjectDependencies) = postProject
		{AB2C3480-41FE-49E2-9933-DFAD6CDD9F89} = {AB2C3480-41FE-49E2-9933-DFAD6CDD9F89}
	EndProjectSection
EndProject
Project("{9A19103F-16F7-4668-BE54-9A1E7A4F7556}") = "FridgeWarehouse.Data", "Fridsge.Data\FridgeWarehouse.Data.csproj", "{B2046BA7-3511-444C-8EF6-E1932AEB5CA8}"
EndProject
Project("{9A19103F-16F7-4668-BE54-9A1E7A4F7556}") = "FridgeWarehouse.DataAccess", "Fridge.DataAccess\FridgeWarehouse.DataAccess.csproj", "{AB2C3480-41FE-49E2-9933-DFAD6CDD9F89}"
EndProject
Project("{9A19103F-16F7-4668-BE54-9A1E7A4F7556}") = "FridgeWarehouse.Core", "Fridge.Core\FridgeWarehouse.Core.csproj", "{0198B3A8-80CF-4847-80BB-E8468D18ABBD}"
EndProject
Global
	GlobalSection(SolutionConfigurationPlatforms) = preSolution
		Debug|Any CPU = Debug|Any CPU
		Release|Any CPU = Release|Any CPU
	EndGlobalSection
	GlobalSection(ProjectConfigurationPlatforms) = postSolution
		{3D736E39-7D28-4BC9-9374-47702CE9E8B7}.Debug|Any CPU.ActiveCfg = Debug|Any CPU
		{3D736E39-7D28-4BC9-9374-47702CE9E8B7}.Debug|Any CPU.Build.0 = Debug|Any CPU
		{3D736E39-7D28-4BC9-9374-47702CE9E8B7}.Release|Any CPU.ActiveCfg = Release|Any CPU
		{3D736E39-7D28-4BC9-9374-47702CE9E8B7}.Release|Any CPU.Build.0 = Release|Any CPU
		{B2046BA7-3511-444C-8EF6-E1932AEB5CA8}.Debug|Any CPU.ActiveCfg = Debug|Any CPU
		{B2046BA7-3511-444C-8EF6-E1932AEB5CA8}.Debug|Any CPU.Build.0 = Debug|Any CPU
		{B2046BA7-3511-444C-8EF6-E1932AEB5CA8}.Release|Any CPU.ActiveCfg = Release|Any CPU
		{B2046BA7-3511-444C-8EF6-E1932AEB5CA8}.Release|Any CPU.Build.0 = Release|Any CPU
		{AB2C3480-41FE-49E2-9933-DFAD6CDD9F89}.Debug|Any CPU.ActiveCfg = Debug|Any CPU
		{AB2C3480-41FE-49E2-9933-DFAD6CDD9F89}.Debug|Any CPU.Build.0 = Debug|Any CPU
		{AB2C3480-41FE-49E2-9933-DFAD6CDD9F89}.Release|Any CPU.ActiveCfg = Release|Any CPU
		{AB2C3480-41FE-49E2-9933-DFAD6CDD9F89}.Release|Any CPU.Build.0 = Release|Any CPU
		{0198B3A8-80CF-4847-80BB-E8468D18ABBD}.Debug|Any CPU.ActiveCfg = Debug|Any CPU
		{0198B3A8-80CF-4847-80BB-E8468D18ABBD}.Debug|Any CPU.Build.0 = Debug|Any CPU
		{0198B3A8-80CF-4847-80BB-E8468D18ABBD}.Release|Any CPU.ActiveCfg = Release|Any CPU
		{0198B3A8-80CF-4847-80BB-E8468D18ABBD}.Release|Any CPU.Build.0 = Release|Any CPU
	EndGlobalSection
	GlobalSection(SolutionProperties) = preSolution
		HideSolutionNode = FALSE
	EndGlobalSection
	GlobalSection(ExtensibilityGlobals) = postSolution
		SolutionGuid = {F9DA2CA7-DCA8-4135-93D7-626AA54FF441}
	EndGlobalSection
EndGlobal
